<Solution>
  <Folder Name="/src/" />
  <Folder Name="/src/BuildingBlocks/">
    <Project Path="src/BuildingBlocks/PDR.BuildingBlocks.Application/PDR.BuildingBlocks.Application.csproj" />
    <Project Path="src/BuildingBlocks/PDR.BuildingBlocks.Core/PDR.BuildingBlocks.Core.csproj" />
    <Project Path="src/BuildingBlocks/PDR.BuildingBlocks.Domain/PDR.BuildingBlocks.Domain.csproj" />
    <Project Path="src/BuildingBlocks/PDR.BuildingBlocks.Messaging/PDR.BuildingBlocks.Messaging.csproj" />
    <Project Path="src/BuildingBlocks/PDR.BuildingBlocks.Observability/PDR.BuildingBlocks.Observability.csproj" />
    <Project Path="src/BuildingBlocks/PDR.BuildingBlocks.Persistence/PDR.BuildingBlocks.Persistence.csproj" />
    <Project Path="src/BuildingBlocks/PDR.BuildingBlocks.Security/PDR.BuildingBlocks.Security.csproj" />
    <Project Path="src/BuildingBlocks/PDR.BuildingBlocks.Testing/PDR.BuildingBlocks.Testing.csproj" />
    <Project Path="src/BuildingBlocks/PDR.BuildingBlocks.WebApi/PDR.BuildingBlocks.WebApi.csproj" />
  </Folder>
  <Folder Name="/src/Gateway/">
    <Project Path="src/Gateway/PDR.Gateway/PDR.Gateway.csproj" />
  </Folder>
  <Folder Name="/src/Services/" />
  <Folder Name="/src/Services/Audit/" />
  <Folder Name="/src/Services/Audit/src/">
    <Project Path="src/Services/Audit/src/PDR.Audit.Api/PDR.Audit.Api.csproj" />
    <Project Path="src/Services/Audit/src/PDR.Audit.Application/PDR.Audit.Application.csproj" />
    <Project Path="src/Services/Audit/src/PDR.Audit.Domain/PDR.Audit.Domain.csproj" />
    <Project Path="src/Services/Audit/src/PDR.Audit.Infrastructure/PDR.Audit.Infrastructure.csproj" />
  </Folder>
  <Folder Name="/src/Services/Audit/tests/">
    <Project Path="src/Services/Audit/tests/PDR.Audit.IntegrationTests/PDR.Audit.IntegrationTests.csproj" />
    <Project Path="src/Services/Audit/tests/PDR.Audit.UnitTests/PDR.Audit.UnitTests.csproj" />
  </Folder>
  <Folder Name="/src/Services/ReleaseNotes/" />
  <Folder Name="/src/Services/ReleaseNotes/src/">
    <Project Path="src/Services/ReleaseNotes/src/PDR.ReleaseNotes.Api/PDR.ReleaseNotes.Api.csproj" />
    <Project Path="src/Services/ReleaseNotes/src/PDR.ReleaseNotes.Application/PDR.ReleaseNotes.Application.csproj" />
    <Project Path="src/Services/ReleaseNotes/src/PDR.ReleaseNotes.Domain/PDR.ReleaseNotes.Domain.csproj" />
    <Project Path="src/Services/ReleaseNotes/src/PDR.ReleaseNotes.Infrastructure/PDR.ReleaseNotes.Infrastructure.csproj" />
  </Folder>
  <Folder Name="/src/Services/ReleaseNotes/tests/">
    <Project Path="src/Services/ReleaseNotes/tests/PDR.ReleaseNotes.IntegrationTests/PDR.ReleaseNotes.IntegrationTests.csproj" />
    <Project Path="src/Services/ReleaseNotes/tests/PDR.ReleaseNotes.UnitTests/PDR.ReleaseNotes.UnitTests.csproj" />
  </Folder>
  <Folder Name="/src/Services/Rules/" />
  <Folder Name="/src/Services/Rules/src/">
    <Project Path="src/Services/Rules/src/PDR.Rules.Api/PDR.Rules.Api.csproj" />
    <Project Path="src/Services/Rules/src/PDR.Rules.Application/PDR.Rules.Application.csproj" />
    <Project Path="src/Services/Rules/src/PDR.Rules.Domain/PDR.Rules.Domain.csproj" />
    <Project Path="src/Services/Rules/src/PDR.Rules.Infrastructure/PDR.Rules.Infrastructure.csproj" />
  </Folder>
  <Folder Name="/src/Services/Rules/tests/">
    <Project Path="src/Services/Rules/tests/PDR.Rules.IntegrationTests/PDR.Rules.IntegrationTests.csproj" />
    <Project Path="src/Services/Rules/tests/PDR.Rules.UnitTests/PDR.Rules.UnitTests.csproj" />
  </Folder>
  <Folder Name="/src/Services/Sources/" />
  <Folder Name="/src/Services/Sources/src/">
    <Project Path="src/Services/Sources/src/PDR.Sources.Api/PDR.Sources.Api.csproj" />
    <Project Path="src/Services/Sources/src/PDR.Sources.Application/PDR.Sources.Application.csproj" />
    <Project Path="src/Services/Sources/src/PDR.Sources.Domain/PDR.Sources.Domain.csproj" />
    <Project Path="src/Services/Sources/src/PDR.Sources.Infrastructure/PDR.Sources.Infrastructure.csproj" />
  </Folder>
  <Folder Name="/src/Services/Sources/tests/">
    <Project Path="src/Services/Sources/tests/PDR.Sources.IntegrationTests/PDR.Sources.IntegrationTests.csproj" />
    <Project Path="src/Services/Sources/tests/PDR.Sources.UnitTests/PDR.Sources.UnitTests.csproj" />
  </Folder>
  <Folder Name="/src/Services/Ingestion/" />
  <Folder Name="/src/Services/Ingestion/src/">
    <Project Path="src/Services/Ingestion/src/PDR.Ingestion.Api/PDR.Ingestion.Api.csproj" />
    <Project Path="src/Services/Ingestion/src/PDR.Ingestion.Application/PDR.Ingestion.Application.csproj" />
    <Project Path="src/Services/Ingestion/src/PDR.Ingestion.Domain/PDR.Ingestion.Domain.csproj" />
    <Project Path="src/Services/Ingestion/src/PDR.Ingestion.Infrastructure/PDR.Ingestion.Infrastructure.csproj" />
  </Folder>
  <Folder Name="/src/Services/Ingestion/tests/">
    <Project Path="src/Services/Ingestion/tests/PDR.Ingestion.IntegrationTests/PDR.Ingestion.IntegrationTests.csproj" />
    <Project Path="src/Services/Ingestion/tests/PDR.Ingestion.UnitTests/PDR.Ingestion.UnitTests.csproj" />
  </Folder>
  <Folder Name="/src/Services/Validation/" />
  <Folder Name="/src/Services/Validation/src/">
    <Project Path="src/Services/Validation/src/PDR.Validation.Api/PDR.Validation.Api.csproj" />
    <Project Path="src/Services/Validation/src/PDR.Validation.Application/PDR.Validation.Application.csproj" />
    <Project Path="src/Services/Validation/src/PDR.Validation.Domain/PDR.Validation.Domain.csproj" />
    <Project Path="src/Services/Validation/src/PDR.Validation.Infrastructure/PDR.Validation.Infrastructure.csproj" />
  </Folder>
  <Folder Name="/src/Services/Validation/tests/">
    <Project Path="src/Services/Validation/tests/PDR.Validation.IntegrationTests/PDR.Validation.IntegrationTests.csproj" />
    <Project Path="src/Services/Validation/tests/PDR.Validation.UnitTests/PDR.Validation.UnitTests.csproj" />
  </Folder>
</Solution>
